
Microsoft Visual Studio Solution File, Format Version 12.00
# Visual Studio Version 17
VisualStudioVersion = 17.0.31903.59
MinimumVisualStudioVersion = 10.0.40219.1
Project("{FAE04EC0-301F-11D3-BF4B-00C04F79EFBC}") = "FinancePlanner", "FinancePlanner\FinancePlanner.csproj", "{C0EDC9E4-5D4F-4D65-A8D4-10A19E5C9B58}"
EndProject
Project("{FAE04EC0-301F-11D3-BF4B-00C04F79EFBC}") = "FinancePlanner.Tests", "FinancePlanner.Tests\FinancePlanner.Tests.csproj", "{DFB4CD4B-9CD8-44DC-A5D4-8590A02AE170}"
EndProject
Global
	GlobalSection(SolutionConfigurationPlatforms) = preSolution
		Debug|Any CPU = Debug|Any CPU
		Debug|x64 = Debug|x64
		Debug|x86 = Debug|x86
		Release|Any CPU = Release|Any CPU
		Release|x64 = Release|x64
		Release|x86 = Release|x86
	EndGlobalSection
	GlobalSection(ProjectConfigurationPlatforms) = postSolution
		{C0EDC9E4-5D4F-4D65-A8D4-10A19E5C9B58}.Debug|Any CPU.ActiveCfg = Debug|Any CPU
		{C0EDC9E4-5D4F-4D65-A8D4-10A19E5C9B58}.Debug|Any CPU.Build.0 = Debug|Any CPU
		{C0EDC9E4-5D4F-4D65-A8D4-10A19E5C9B58}.Debug|x64.ActiveCfg = Debug|Any CPU
		{C0EDC9E4-5D4F-4D65-A8D4-10A19E5C9B58}.Debug|x64.Build.0 = Debug|Any CPU
		{C0EDC9E4-5D4F-4D65-A8D4-10A19E5C9B58}.Debug|x86.ActiveCfg = Debug|Any CPU
		{C0EDC9E4-5D4F-4D65-A8D4-10A19E5C9B58}.Debug|x86.Build.0 = Debug|Any CPU
		{C0EDC9E4-5D4F-4D65-A8D4-10A19E5C9B58}.Release|Any CPU.ActiveCfg = Release|Any CPU
		{C0EDC9E4-5D4F-4D65-A8D4-10A19E5C9B58}.Release|Any CPU.Build.0 = Release|Any CPU
		{C0EDC9E4-5D4F-4D65-A8D4-10A19E5C9B58}.Release|x64.ActiveCfg = Release|Any CPU
		{C0EDC9E4-5D4F-4D65-A8D4-10A19E5C9B58}.Release|x64.Build.0 = Release|Any CPU
		{C0EDC9E4-5D4F-4D65-A8D4-10A19E5C9B58}.Release|x86.ActiveCfg = Release|Any CPU
		{C0EDC9E4-5D4F-4D65-A8D4-10A19E5C9B58}.Release|x86.Build.0 = Release|Any CPU
		{DFB4CD4B-9CD8-44DC-A5D4-8590A02AE170}.Debug|Any CPU.ActiveCfg = Debug|Any CPU
		{DFB4CD4B-9CD8-44DC-A5D4-8590A02AE170}.Debug|Any CPU.Build.0 = Debug|Any CPU
		{DFB4CD4B-9CD8-44DC-A5D4-8590A02AE170}.Debug|x64.ActiveCfg = Debug|Any CPU
		{DFB4CD4B-9CD8-44DC-A5D4-8590A02AE170}.Debug|x64.Build.0 = Debug|Any CPU
		{DFB4CD4B-9CD8-44DC-A5D4-8590A02AE170}.Debug|x86.ActiveCfg = Debug|Any CPU
		{DFB4CD4B-9CD8-44DC-A5D4-8590A02AE170}.Debug|x86.Build.0 = Debug|Any CPU
		{DFB4CD4B-9CD8-44DC-A5D4-8590A02AE170}.Release|Any CPU.ActiveCfg = Release|Any CPU
		{DFB4CD4B-9CD8-44DC-A5D4-8590A02AE170}.Release|Any CPU.Build.0 = Release|Any CPU
		{DFB4CD4B-9CD8-44DC-A5D4-8590A02AE170}.Release|x64.ActiveCfg = Release|Any CPU
		{DFB4CD4B-9CD8-44DC-A5D4-8590A02AE170}.Release|x64.Build.0 = Release|Any CPU
		{DFB4CD4B-9CD8-44DC-A5D4-8590A02AE170}.Release|x86.ActiveCfg = Release|Any CPU
		{DFB4CD4B-9CD8-44DC-A5D4-8590A02AE170}.Release|x86.Build.0 = Release|Any CPU
	EndGlobalSection
	GlobalSection(SolutionProperties) = preSolution
		HideSolutionNode = FALSE
	EndGlobalSection
EndGlobal
